{
  "version": 4,
  "terraform_version": "1.3.2",
  "serial": 7,
  "lineage": "6fcbc3fa-f7b8-484e-2c2a-ed4117db6c49",
  "outputs": {},
  "resources": [
    {
      "mode": "managed",
      "type": "yandex_compute_instance",
      "name": "default",
      "provider": "provider[\"terraform-registry.storage.yandexcloud.net/yandex-cloud/yandex\"]",
      "instances": [
        {
          "schema_version": 1,
          "attributes": {
            "allow_stopping_for_update": null,
            "boot_disk": [
              {
                "auto_delete": true,
                "device_name": "fhmfikid83ebt8eahkv0",
                "disk_id": "fhmfikid83ebt8eahkv0",
                "initialize_params": [
                  {
                    "block_size": 4096,
                    "description": "",
                    "image_id": "fd8ingbofbh3j5h7i8ll",
                    "name": "",
                    "size": 5,
                    "snapshot_id": "",
                    "type": "network-hdd"
                  }
                ],
                "mode": "READ_WRITE"
              }
            ],
            "created_at": "2022-10-16T18:31:23Z",
            "description": "",
            "folder_id": "b1gudgg279i5hiheqadk",
            "fqdn": "fhm5io85pim98m5e4q2r.auto.internal",
            "hostname": "fhm5io85pim98m5e4q2r",
            "id": "fhm5io85pim98m5e4q2r",
            "labels": null,
            "metadata": {
              "ssh-keys": "    vyacheslav:ssh-rsa AAAAB3NzaC1yc2EAAAADAQABAAABgQDUf70nlaGDk5h6h5mGCUaT3UJg3s/enmUMIef0ODHw/9Tt1uTNl2QUfu8xnm4c+KNvjjBPI0LwsvWN/3k/zOhqzlzz055y9NYtpc/xIPM6f6vvGWfQQaHsL7Z5OrfvCVv5TWfZTMGQlB10j/LR8hX0Y4s3Ql5n2CG6d/mZgyEUOEAWZijHh+Qm6iMTtE8e8SFqk4jJv6KRiQJU7yUXSFYv/d3ycDu7xATjUT+bCbYJdZpdkG4l5i82uIogsz7zZIcs8oplGruoKjf7vXm7d8P6G5bRtQGSpEs+fKPfsU9bktrsbKzKBHgqA1VQV2D20H++aB8nQ6qV+L7jPm/RyKCKvDpbo8mNnRYuJA9DvbCH9OSJY3c6m+bSlqDTxGZgweHZ06Nk2Qs5Q8Znaeo+qcscudVvoEI6/kpXQC41q1rHi80sVHs98hUSfmUF7tmi5GUuvj1Eu+L6490KoYVGNdirWwSkTfCsVfO0TbRYSQlBdy+/j7zt0O8t7+BKr7Ykhok=\n"
            },
            "name": "vm1",
            "network_acceleration_type": "standard",
            "network_interface": [
              {
                "dns_record": [],
                "index": 0,
                "ip_address": "10.1.2.12",
                "ipv4": true,
                "ipv6": false,
                "ipv6_address": "",
                "ipv6_dns_record": [],
                "mac_address": "d0:0d:59:61:05:cc",
                "nat": true,
                "nat_dns_record": [],
                "nat_ip_address": "84.201.159.122",
                "nat_ip_version": "IPV4",
                "security_group_ids": [],
                "subnet_id": "e9b67eavrqferuif5f1k"
              }
            ],
            "placement_policy": [
              {
                "placement_group_id": ""
              }
            ],
            "platform_id": "standard-v1",
            "resources": [
              {
                "core_fraction": 100,
                "cores": 2,
                "gpus": 0,
                "memory": 2
              }
            ],
            "scheduling_policy": [
              {
                "preemptible": false
              }
            ],
            "secondary_disk": [],
            "service_account_id": "",
            "status": "running",
            "timeouts": null,
            "zone": "ru-central1-a"
          },
          "sensitive_attributes": [],
          "private": "eyJlMmJmYjczMC1lY2FhLTExZTYtOGY4OC0zNDM2M2JjN2M0YzAiOnsiY3JlYXRlIjozMDAwMDAwMDAwMDAsImRlbGV0ZSI6MzAwMDAwMDAwMDAwLCJ1cGRhdGUiOjMwMDAwMDAwMDAwMH0sInNjaGVtYV92ZXJzaW9uIjoiMSJ9"
        }
      ]
    }
  ],
  "check_results": []
}
